
Microsoft Visual Studio Solution File, Format Version 12.00
# Visual Studio Version 17
VisualStudioVersion = 17.9.34622.214
MinimumVisualStudioVersion = 10.0.40219.1
Project("{FAE04EC0-301F-11D3-BF4B-00C04F79EFBC}") = "DotNetInheritanceExercise", "DotNetInheritanceExercise\DotNetInheritanceExercise.csproj", "{C49874A5-54E0-47D4-BE98-AFCA4903CF4B}"
EndProject
Global
	GlobalSection(SolutionConfigurationPlatforms) = preSolution
		Debug|Any CPU = Debug|Any CPU
		Release|Any CPU = Release|Any CPU
	EndGlobalSection
	GlobalSection(ProjectConfigurationPlatforms) = postSolution
		{C49874A5-54E0-47D4-BE98-AFCA4903CF4B}.Debug|Any CPU.ActiveCfg = Debug|Any CPU
		{C49874A5-54E0-47D4-BE98-AFCA4903CF4B}.Debug|Any CPU.Build.0 = Debug|Any CPU
		{C49874A5-54E0-47D4-BE98-AFCA4903CF4B}.Release|Any CPU.ActiveCfg = Release|Any CPU
		{C49874A5-54E0-47D4-BE98-AFCA4903CF4B}.Release|Any CPU.Build.0 = Release|Any CPU
	EndGlobalSection
	GlobalSection(SolutionProperties) = preSolution
		HideSolutionNode = FALSE
	EndGlobalSection
	GlobalSection(ExtensibilityGlobals) = postSolution
		SolutionGuid = {6175C854-C1E9-45C0-ACA4-BFA40478C4FF}
	EndGlobalSection
EndGlobal
